
Microsoft Visual Studio Solution File, Format Version 12.00
# Visual Studio Version 17
VisualStudioVersion = 17.7.34202.233
MinimumVisualStudioVersion = 10.0.40219.1
Project("{FAE04EC0-301F-11D3-BF4B-00C04F79EFBC}") = "Variables", "Variables\Variables.csproj", "{2EDFF733-EB62-4FF5-AC49-14D8A3679DD5}"
EndProject
Global
	GlobalSection(SolutionConfigurationPlatforms) = preSolution
		Debug|Any CPU = Debug|Any CPU
		Release|Any CPU = Release|Any CPU
	EndGlobalSection
	GlobalSection(ProjectConfigurationPlatforms) = postSolution
		{2EDFF733-EB62-4FF5-AC49-14D8A3679DD5}.Debug|Any CPU.ActiveCfg = Debug|Any CPU
		{2EDFF733-EB62-4FF5-AC49-14D8A3679DD5}.Debug|Any CPU.Build.0 = Debug|Any CPU
		{2EDFF733-EB62-4FF5-AC49-14D8A3679DD5}.Release|Any CPU.ActiveCfg = Release|Any CPU
		{2EDFF733-EB62-4FF5-AC49-14D8A3679DD5}.Release|Any CPU.Build.0 = Release|Any CPU
	EndGlobalSection
	GlobalSection(SolutionProperties) = preSolution
		HideSolutionNode = FALSE
	EndGlobalSection
	GlobalSection(ExtensibilityGlobals) = postSolution
		SolutionGuid = {5014A0E6-863E-4166-81BF-4308AA0003A6}
	EndGlobalSection
EndGlobal
